// !$*UTF8*$!
{
	archiveVersion = 1;
	classes = {
	};
	objectVersion = 56;
	objects = {

/* Begin PBXBuildFile section */
		4B965E42297C657E001CF0A0 /* AppDelegate.swift in Sources */ = {isa = PBXBuildFile; fileRef = 4B965E41297C657E001CF0A0 /* AppDelegate.swift */; };
		4B965E44297C657E001CF0A0 /* SceneDelegate.swift in Sources */ = {isa = PBXBuildFile; fileRef = 4B965E43297C657E001CF0A0 /* SceneDelegate.swift */; };
		4B965E49297C657E001CF0A0 /* Main.storyboard in Resources */ = {isa = PBXBuildFile; fileRef = 4B965E47297C657E001CF0A0 /* Main.storyboard */; };
		4B965E4B297C6580001CF0A0 /* Assets.xcassets in Resources */ = {isa = PBXBuildFile; fileRef = 4B965E4A297C6580001CF0A0 /* Assets.xcassets */; };
		4B965E4E297C6580001CF0A0 /* LaunchScreen.storyboard in Resources */ = {isa = PBXBuildFile; fileRef = 4B965E4C297C6580001CF0A0 /* LaunchScreen.storyboard */; };
		4B965E57297C6615001CF0A0 /* Savoye LET.ttc in Resources */ = {isa = PBXBuildFile; fileRef = 4B965E55297C6615001CF0A0 /* Savoye LET.ttc */; };
		4B965E58297C6615001CF0A0 /* quotes.json in Resources */ = {isa = PBXBuildFile; fileRef = 4B965E56297C6615001CF0A0 /* quotes.json */; };
		4B965E5B297C756E001CF0A0 /* QuotesViewController.swift in Sources */ = {isa = PBXBuildFile; fileRef = 4B965E5A297C756E001CF0A0 /* QuotesViewController.swift */; };
		4B965E5D297C759F001CF0A0 /* ConfigViewController.swift in Sources */ = {isa = PBXBuildFile; fileRef = 4B965E5C297C759F001CF0A0 /* ConfigViewController.swift */; };
		4BE935D6297CBE2B0078D7FD /* Quote.swift in Sources */ = {isa = PBXBuildFile; fileRef = 4BE935D5297CBE2B0078D7FD /* Quote.swift */; };
		4BE935D9297CBE8A0078D7FD /* QuotesManager.swift in Sources */ = {isa = PBXBuildFile; fileRef = 4BE935D8297CBE8A0078D7FD /* QuotesManager.swift */; };
		4BE935DB297CBEAE0078D7FD /* Configuration.swift in Sources */ = {isa = PBXBuildFile; fileRef = 4BE935DA297CBEAE0078D7FD /* Configuration.swift */; };
		4BE935DD297CE0170078D7FD /* Settings.bundle in Resources */ = {isa = PBXBuildFile; fileRef = 4BE935DC297CE0170078D7FD /* Settings.bundle */; };
/* End PBXBuildFile section */

/* Begin PBXFileReference section */
		4B965E3E297C657E001CF0A0 /* Pensamentos.app */ = {isa = PBXFileReference; explicitFileType = wrapper.application; includeInIndex = 0; path = Pensamentos.app; sourceTree = BUILT_PRODUCTS_DIR; };
		4B965E41297C657E001CF0A0 /* AppDelegate.swift */ = {isa = PBXFileReference; lastKnownFileType = sourcecode.swift; path = AppDelegate.swift; sourceTree = "<group>"; };
		4B965E43297C657E001CF0A0 /* SceneDelegate.swift */ = {isa = PBXFileReference; lastKnownFileType = sourcecode.swift; path = SceneDelegate.swift; sourceTree = "<group>"; };
		4B965E48297C657E001CF0A0 /* Base */ = {isa = PBXFileReference; lastKnownFileType = file.storyboard; name = Base; path = Base.lproj/Main.storyboard; sourceTree = "<group>"; };
		4B965E4A297C6580001CF0A0 /* Assets.xcassets */ = {isa = PBXFileReference; lastKnownFileType = folder.assetcatalog; path = Assets.xcassets; sourceTree = "<group>"; };
		4B965E4D297C6580001CF0A0 /* Base */ = {isa = PBXFileReference; lastKnownFileType = file.storyboard; name = Base; path = Base.lproj/LaunchScreen.storyboard; sourceTree = "<group>"; };
		4B965E4F297C6580001CF0A0 /* Info.plist */ = {isa = PBXFileReference; lastKnownFileType = text.plist.xml; path = Info.plist; sourceTree = "<group>"; };
		4B965E55297C6615001CF0A0 /* Savoye LET.ttc */ = {isa = PBXFileReference; lastKnownFileType = file; path = "Savoye LET.ttc"; sourceTree = "<group>"; };
		4B965E56297C6615001CF0A0 /* quotes.json */ = {isa = PBXFileReference; fileEncoding = 4; lastKnownFileType = text.json; path = quotes.json; sourceTree = "<group>"; };
		4B965E5A297C756E001CF0A0 /* QuotesViewController.swift */ = {isa = PBXFileReference; lastKnownFileType = sourcecode.swift; path = QuotesViewController.swift; sourceTree = "<group>"; };
		4B965E5C297C759F001CF0A0 /* ConfigViewController.swift */ = {isa = PBXFileReference; lastKnownFileType = sourcecode.swift; path = ConfigViewController.swift; sourceTree = "<group>"; };
		4BE935D5297CBE2B0078D7FD /* Quote.swift */ = {isa = PBXFileReference; lastKnownFileType = sourcecode.swift; path = Quote.swift; sourceTree = "<group>"; };
		4BE935D8297CBE8A0078D7FD /* QuotesManager.swift */ = {isa = PBXFileReference; lastKnownFileType = sourcecode.swift; path = QuotesManager.swift; sourceTree = "<group>"; };
		4BE935DA297CBEAE0078D7FD /* Configuration.swift */ = {isa = PBXFileReference; lastKnownFileType = sourcecode.swift; path = Configuration.swift; sourceTree = "<group>"; };
		4BE935DC297CE0170078D7FD /* Settings.bundle */ = {isa = PBXFileReference; lastKnownFileType = "wrapper.plug-in"; path = Settings.bundle; sourceTree = "<group>"; };
/* End PBXFileReference section */

/* Begin PBXFrameworksBuildPhase section */
		4B965E3B297C657E001CF0A0 /* Frameworks */ = {
			isa = PBXFrameworksBuildPhase;
			buildActionMask = 2147483647;
			files = (
			);
			runOnlyForDeploymentPostprocessing = 0;
		};
/* End PBXFrameworksBuildPhase section */

/* Begin PBXGroup section */
		4B965E35297C657E001CF0A0 = {
			isa = PBXGroup;
			children = (
				4B965E40297C657E001CF0A0 /* Pensamentos */,
				4B965E3F297C657E001CF0A0 /* Products */,
			);
			sourceTree = "<group>";
		};
		4B965E3F297C657E001CF0A0 /* Products */ = {
			isa = PBXGroup;
			children = (
				4B965E3E297C657E001CF0A0 /* Pensamentos.app */,
			);
			name = Products;
			sourceTree = "<group>";
		};
		4B965E40297C657E001CF0A0 /* Pensamentos */ = {
			isa = PBXGroup;
			children = (
				4B965E41297C657E001CF0A0 /* AppDelegate.swift */,
				4B965E43297C657E001CF0A0 /* SceneDelegate.swift */,
				4B965E59297C661D001CF0A0 /* Files */,
				4BE935D7297CBE5C0078D7FD /* Models */,
				4B965E5F297C75DC001CF0A0 /* Views */,
				4B965E5E297C75C1001CF0A0 /* Controllers */,
				4BE935DC297CE0170078D7FD /* Settings.bundle */,
				4B965E4A297C6580001CF0A0 /* Assets.xcassets */,
				4B965E4F297C6580001CF0A0 /* Info.plist */,
			);
			path = Pensamentos;
			sourceTree = "<group>";
		};
		4B965E59297C661D001CF0A0 /* Files */ = {
			isa = PBXGroup;
			children = (
				4B965E56297C6615001CF0A0 /* quotes.json */,
				4B965E55297C6615001CF0A0 /* Savoye LET.ttc */,
			);
			path = Files;
			sourceTree = "<group>";
		};
		4B965E5E297C75C1001CF0A0 /* Controllers */ = {
			isa = PBXGroup;
			children = (
				4B965E5C297C759F001CF0A0 /* ConfigViewController.swift */,
				4B965E5A297C756E001CF0A0 /* QuotesViewController.swift */,
			);
			path = Controllers;
			sourceTree = "<group>";
		};
		4B965E5F297C75DC001CF0A0 /* Views */ = {
			isa = PBXGroup;
			children = (
				4B965E47297C657E001CF0A0 /* Main.storyboard */,
				4B965E4C297C6580001CF0A0 /* LaunchScreen.storyboard */,
			);
			path = Views;
			sourceTree = "<group>";
		};
		4BE935D7297CBE5C0078D7FD /* Models */ = {
			isa = PBXGroup;
			children = (
				4BE935D5297CBE2B0078D7FD /* Quote.swift */,
				4BE935D8297CBE8A0078D7FD /* QuotesManager.swift */,
				4BE935DA297CBEAE0078D7FD /* Configuration.swift */,
			);
			path = Models;
			sourceTree = "<group>";
		};
/* End PBXGroup section */

/* Begin PBXNativeTarget section */
		4B965E3D297C657E001CF0A0 /* Pensamentos */ = {
			isa = PBXNativeTarget;
			buildConfigurationList = 4B965E52297C6580001CF0A0 /* Build configuration list for PBXNativeTarget "Pensamentos" */;
			buildPhases = (
				4B965E3A297C657E001CF0A0 /* Sources */,
				4B965E3B297C657E001CF0A0 /* Frameworks */,
				4B965E3C297C657E001CF0A0 /* Resources */,
			);
			buildRules = (
			);
			dependencies = (
			);
			name = Pensamentos;
			productName = Pensamentos;
			productReference = 4B965E3E297C657E001CF0A0 /* Pensamentos.app */;
			productType = "com.apple.product-type.application";
		};
/* End PBXNativeTarget section */

/* Begin PBXProject section */
		4B965E36297C657E001CF0A0 /* Project object */ = {
			isa = PBXProject;
			attributes = {
				BuildIndependentTargetsInParallel = 1;
				LastSwiftUpdateCheck = 1420;
				LastUpgradeCheck = 1420;
				TargetAttributes = {
					4B965E3D297C657E001CF0A0 = {
						CreatedOnToolsVersion = 14.2;
					};
				};
			};
			buildConfigurationList = 4B965E39297C657E001CF0A0 /* Build configuration list for PBXProject "Pensamentos" */;
			compatibilityVersion = "Xcode 14.0";
			developmentRegion = en;
			hasScannedForEncodings = 0;
			knownRegions = (
				en,
				Base,
			);
			mainGroup = 4B965E35297C657E001CF0A0;
			productRefGroup = 4B965E3F297C657E001CF0A0 /* Products */;
			projectDirPath = "";
			projectRoot = "";
			targets = (
				4B965E3D297C657E001CF0A0 /* Pensamentos */,
			);
		};
/* End PBXProject section */

/* Begin PBXResourcesBuildPhase section */
		4B965E3C297C657E001CF0A0 /* Resources */ = {
			isa = PBXResourcesBuildPhase;
			buildActionMask = 2147483647;
			files = (
				4B965E4E297C6580001CF0A0 /* LaunchScreen.storyboard in Resources */,
				4B965E58297C6615001CF0A0 /* quotes.json in Resources */,
				4B965E4B297C6580001CF0A0 /* Assets.xcassets in Resources */,
				4B965E49297C657E001CF0A0 /* Main.storyboard in Resources */,
				4BE935DD297CE0170078D7FD /* Settings.bundle in Resources */,
				4B965E57297C6615001CF0A0 /* Savoye LET.ttc in Resources */,
			);
			runOnlyForDeploymentPostprocessing = 0;
		};
/* End PBXResourcesBuildPhase section */

/* Begin PBXSourcesBuildPhase section */
		4B965E3A297C657E001CF0A0 /* Sources */ = {
			isa = PBXSourcesBuildPhase;
			buildActionMask = 2147483647;
			files = (
				4B965E5B297C756E001CF0A0 /* QuotesViewController.swift in Sources */,
				4B965E42297C657E001CF0A0 /* AppDelegate.swift in Sources */,
				4BE935DB297CBEAE0078D7FD /* Configuration.swift in Sources */,
				4B965E44297C657E001CF0A0 /* SceneDelegate.swift in Sources */,
				4BE935D6297CBE2B0078D7FD /* Quote.swift in Sources */,
				4BE935D9297CBE8A0078D7FD /* QuotesManager.swift in Sources */,
				4B965E5D297C759F001CF0A0 /* ConfigViewController.swift in Sources */,
			);
			runOnlyForDeploymentPostprocessing = 0;
		};
/* End PBXSourcesBuildPhase section */

/* Begin PBXVariantGroup section */
		4B965E47297C657E001CF0A0 /* Main.storyboard */ = {
			isa = PBXVariantGroup;
			children = (
				4B965E48297C657E001CF0A0 /* Base */,
			);
			name = Main.storyboard;
			sourceTree = "<group>";
		};
		4B965E4C297C6580001CF0A0 /* LaunchScreen.storyboard */ = {
			isa = PBXVariantGroup;
			children = (
				4B965E4D297C6580001CF0A0 /* Base */,
			);
			name = LaunchScreen.storyboard;
			sourceTree = "<group>";
		};
/* End PBXVariantGroup section */

/* Begin XCBuildConfiguration section */
		4B965E50297C6580001CF0A0 /* Debug */ = {
			isa = XCBuildConfiguration;
			buildSettings = {
				ALWAYS_SEARCH_USER_PATHS = NO;
				CLANG_ANALYZER_NONNULL = YES;
				CLANG_ANALYZER_NUMBER_OBJECT_CONVERSION = YES_AGGRESSIVE;
				CLANG_CXX_LANGUAGE_STANDARD = "gnu++20";
				CLANG_ENABLE_MODULES = YES;
				CLANG_ENABLE_OBJC_ARC = YES;
				CLANG_ENABLE_OBJC_WEAK = YES;
				CLANG_WARN_BLOCK_CAPTURE_AUTORELEASING = YES;
				CLANG_WARN_BOOL_CONVERSION = YES;
				CLANG_WARN_COMMA = YES;
				CLANG_WARN_CONSTANT_CONVERSION = YES;
				CLANG_WARN_DEPRECATED_OBJC_IMPLEMENTATIONS = YES;
				CLANG_WARN_DIRECT_OBJC_ISA_USAGE = YES_ERROR;
				CLANG_WARN_DOCUMENTATION_COMMENTS = YES;
				CLANG_WARN_EMPTY_BODY = YES;
				CLANG_WARN_ENUM_CONVERSION = YES;
				CLANG_WARN_INFINITE_RECURSION = YES;
				CLANG_WARN_INT_CONVERSION = YES;
				CLANG_WARN_NON_LITERAL_NULL_CONVERSION = YES;
				CLANG_WARN_OBJC_IMPLICIT_RETAIN_SELF = YES;
				CLANG_WARN_OBJC_LITERAL_CONVERSION = YES;
				CLANG_WARN_OBJC_ROOT_CLASS = YES_ERROR;
				CLANG_WARN_QUOTED_INCLUDE_IN_FRAMEWORK_HEADER = YES;
				CLANG_WARN_RANGE_LOOP_ANALYSIS = YES;
				CLANG_WARN_STRICT_PROTOTYPES = YES;
				CLANG_WARN_SUSPICIOUS_MOVE = YES;
				CLANG_WARN_UNGUARDED_AVAILABILITY = YES_AGGRESSIVE;
				CLANG_WARN_UNREACHABLE_CODE = YES;
				CLANG_WARN__DUPLICATE_METHOD_MATCH = YES;
				COPY_PHASE_STRIP = NO;
				DEBUG_INFORMATION_FORMAT = dwarf;
				ENABLE_STRICT_OBJC_MSGSEND = YES;
				ENABLE_TESTABILITY = YES;
				GCC_C_LANGUAGE_STANDARD = gnu11;
				GCC_DYNAMIC_NO_PIC = NO;
				GCC_NO_COMMON_BLOCKS = YES;
				GCC_OPTIMIZATION_LEVEL = 0;
				GCC_PREPROCESSOR_DEFINITIONS = (
					"DEBUG=1",
					"$(inherited)",
				);
				GCC_WARN_64_TO_32_BIT_CONVERSION = YES;
				GCC_WARN_ABOUT_RETURN_TYPE = YES_ERROR;
				GCC_WARN_UNDECLARED_SELECTOR = YES;
				GCC_WARN_UNINITIALIZED_AUTOS = YES_AGGRESSIVE;
				GCC_WARN_UNUSED_FUNCTION = YES;
				GCC_WARN_UNUSED_VARIABLE = YES;
				IPHONEOS_DEPLOYMENT_TARGET = 16.2;
				MTL_ENABLE_DEBUG_INFO = INCLUDE_SOURCE;
				MTL_FAST_MATH = YES;
				ONLY_ACTIVE_ARCH = YES;
				SDKROOT = iphoneos;
				SWIFT_ACTIVE_COMPILATION_CONDITIONS = DEBUG;
				SWIFT_OPTIMIZATION_LEVEL = "-Onone";
			};
			name = Debug;
		};
		4B965E51297C6580001CF0A0 /* Release */ = {
			isa = XCBuildConfiguration;
			buildSettings = {
				ALWAYS_SEARCH_USER_PATHS = NO;
				CLANG_ANALYZER_NONNULL = YES;
				CLANG_ANALYZER_NUMBER_OBJECT_CONVERSION = YES_AGGRESSIVE;
				CLANG_CXX_LANGUAGE_STANDARD = "gnu++20";
				CLANG_ENABLE_MODULES = YES;
				CLANG_ENABLE_OBJC_ARC = YES;
				CLANG_ENABLE_OBJC_WEAK = YES;
				CLANG_WARN_BLOCK_CAPTURE_AUTORELEASING = YES;
				CLANG_WARN_BOOL_CONVERSION = YES;
				CLANG_WARN_COMMA = YES;
				CLANG_WARN_CONSTANT_CONVERSION = YES;
				CLANG_WARN_DEPRECATED_OBJC_IMPLEMENTATIONS = YES;
				CLANG_WARN_DIRECT_OBJC_ISA_USAGE = YES_ERROR;
				CLANG_WARN_DOCUMENTATION_COMMENTS = YES;
				CLANG_WARN_EMPTY_BODY = YES;
				CLANG_WARN_ENUM_CONVERSION = YES;
				CLANG_WARN_INFINITE_RECURSION = YES;
				CLANG_WARN_INT_CONVERSION = YES;
				CLANG_WARN_NON_LITERAL_NULL_CONVERSION = YES;
				CLANG_WARN_OBJC_IMPLICIT_RETAIN_SELF = YES;
				CLANG_WARN_OBJC_LITERAL_CONVERSION = YES;
				CLANG_WARN_OBJC_ROOT_CLASS = YES_ERROR;
				CLANG_WARN_QUOTED_INCLUDE_IN_FRAMEWORK_HEADER = YES;
				CLANG_WARN_RANGE_LOOP_ANALYSIS = YES;
				CLANG_WARN_STRICT_PROTOTYPES = YES;
				CLANG_WARN_SUSPICIOUS_MOVE = YES;
				CLANG_WARN_UNGUARDED_AVAILABILITY = YES_AGGRESSIVE;
				CLANG_WARN_UNREACHABLE_CODE = YES;
				CLANG_WARN__DUPLICATE_METHOD_MATCH = YES;
				COPY_PHASE_STRIP = NO;
				DEBUG_INFORMATION_FORMAT = "dwarf-with-dsym";
				ENABLE_NS_ASSERTIONS = NO;
				ENABLE_STRICT_OBJC_MSGSEND = YES;
				GCC_C_LANGUAGE_STANDARD = gnu11;
				GCC_NO_COMMON_BLOCKS = YES;
				GCC_WARN_64_TO_32_BIT_CONVERSION = YES;
				GCC_WARN_ABOUT_RETURN_TYPE = YES_ERROR;
				GCC_WARN_UNDECLARED_SELECTOR = YES;
				GCC_WARN_UNINITIALIZED_AUTOS = YES_AGGRESSIVE;
				GCC_WARN_UNUSED_FUNCTION = YES;
				GCC_WARN_UNUSED_VARIABLE = YES;
				IPHONEOS_DEPLOYMENT_TARGET = 16.2;
				MTL_ENABLE_DEBUG_INFO = NO;
				MTL_FAST_MATH = YES;
				SDKROOT = iphoneos;
				SWIFT_COMPILATION_MODE = wholemodule;
				SWIFT_OPTIMIZATION_LEVEL = "-O";
				VALIDATE_PRODUCT = YES;
			};
			name = Release;
		};
		4B965E53297C6580001CF0A0 /* Debug */ = {
			isa = XCBuildConfiguration;
			buildSettings = {
				ASSETCATALOG_COMPILER_APPICON_NAME = AppIcon;
				ASSETCATALOG_COMPILER_GLOBAL_ACCENT_COLOR_NAME = AccentColor;
				CODE_SIGN_STYLE = Automatic;
				CURRENT_PROJECT_VERSION = 1;
				DEVELOPMENT_TEAM = DWGTWS5S2X;
				GENERATE_INFOPLIST_FILE = YES;
				INFOPLIST_FILE = Pensamentos/Info.plist;
				INFOPLIST_KEY_UIApplicationSupportsIndirectInputEvents = YES;
				INFOPLIST_KEY_UILaunchStoryboardName = LaunchScreen;
				INFOPLIST_KEY_UIMainStoryboardFile = Main;
				INFOPLIST_KEY_UISupportedInterfaceOrientations = UIInterfaceOrientationPortrait;
				INFOPLIST_KEY_UISupportedInterfaceOrientations_iPad = "UIInterfaceOrientationLandscapeLeft UIInterfaceOrientationLandscapeRight UIInterfaceOrientationPortrait UIInterfaceOrientationPortraitUpsideDown";
				LD_RUNPATH_SEARCH_PATHS = (
					"$(inherited)",
					"@executable_path/Frameworks",
				);
				MARKETING_VERSION = 1.0;
				PRODUCT_BUNDLE_IDENTIFIER = br.com.vinimdev.Pensamentos;
				PRODUCT_NAME = "$(TARGET_NAME)";
				SUPPORTED_PLATFORMS = "iphoneos iphonesimulator";
				SUPPORTS_MACCATALYST = NO;
				SUPPORTS_MAC_DESIGNED_FOR_IPHONE_IPAD = NO;
				SWIFT_EMIT_LOC_STRINGS = YES;
				SWIFT_VERSION = 5.0;
				TARGETED_DEVICE_FAMILY = 1;
			};
			name = Debug;
		};
		4B965E54297C6580001CF0A0 /* Release */ = {
			isa = XCBuildConfiguration;
			buildSettings = {
				ASSETCATALOG_COMPILER_APPICON_NAME = AppIcon;
				ASSETCATALOG_COMPILER_GLOBAL_ACCENT_COLOR_NAME = AccentColor;
				CODE_SIGN_STYLE = Automatic;
				CURRENT_PROJECT_VERSION = 1;
				DEVELOPMENT_TEAM = DWGTWS5S2X;
				GENERATE_INFOPLIST_FILE = YES;
				INFOPLIST_FILE = Pensamentos/Info.plist;
				INFOPLIST_KEY_UIApplicationSupportsIndirectInputEvents = YES;
				INFOPLIST_KEY_UILaunchStoryboardName = LaunchScreen;
				INFOPLIST_KEY_UIMainStoryboardFile = Main;
				INFOPLIST_KEY_UISupportedInterfaceOrientations = UIInterfaceOrientationPortrait;
				INFOPLIST_KEY_UISupportedInterfaceOrientations_iPad = "UIInterfaceOrientationLandscapeLeft UIInterfaceOrientationLandscapeRight UIInterfaceOrientationPortrait UIInterfaceOrientationPortraitUpsideDown";
				LD_RUNPATH_SEARCH_PATHS = (
					"$(inherited)",
					"@executable_path/Frameworks",
				);
				MARKETING_VERSION = 1.0;
				PRODUCT_BUNDLE_IDENTIFIER = br.com.vinimdev.Pensamentos;
				PRODUCT_NAME = "$(TARGET_NAME)";
				SUPPORTED_PLATFORMS = "iphoneos iphonesimulator";
				SUPPORTS_MACCATALYST = NO;
				SUPPORTS_MAC_DESIGNED_FOR_IPHONE_IPAD = NO;
				SWIFT_EMIT_LOC_STRINGS = YES;
				SWIFT_VERSION = 5.0;
				TARGETED_DEVICE_FAMILY = 1;
			};
			name = Release;
		};
/* End XCBuildConfiguration section */

/* Begin XCConfigurationList section */
		4B965E39297C657E001CF0A0 /* Build configuration list for PBXProject "Pensamentos" */ = {
			isa = XCConfigurationList;
			buildConfigurations = (
				4B965E50297C6580001CF0A0 /* Debug */,
				4B965E51297C6580001CF0A0 /* Release */,
			);
			defaultConfigurationIsVisible = 0;
			defaultConfigurationName = Release;
		};
		4B965E52297C6580001CF0A0 /* Build configuration list for PBXNativeTarget "Pensamentos" */ = {
			isa = XCConfigurationList;
			buildConfigurations = (
				4B965E53297C6580001CF0A0 /* Debug */,
				4B965E54297C6580001CF0A0 /* Release */,
			);
			defaultConfigurationIsVisible = 0;
			defaultConfigurationName = Release;
		};
/* End XCConfigurationList section */
	};
	rootObject = 4B965E36297C657E001CF0A0 /* Project object */;
}
